[[package]]
category = "main"
description = "Cryptographic library for Python"
name = "pycryptodomex"
optional = false
python-versions = ">=2.6, !=3.0.*, !=3.1.*, !=3.2.*, !=3.3.*"
version = "3.9.4"

[metadata]
content-hash = "91e30093b0011e633f63ca5182d9757e22f9a45609aa55474e1f093ece442f99"
python-versions = "^3.7"

[metadata.files]
pycryptodomex = [
    {file = "pycryptodomex-3.9.4-cp27-cp27m-macosx_10_6_intel.whl", hash = "sha256:17a09e38fdc91e4857cf5a7ce82f3c0b229c3977490f2146513e366923fc256b"},
    {file = "pycryptodomex-3.9.4-cp27-cp27m-manylinux1_i686.whl", hash = "sha256:dc15a467c4f9e4b43748ba2f97aea66f67812bfd581818284c47cadc81d4caec"},
    {file = "pycryptodomex-3.9.4-cp27-cp27m-manylinux1_x86_64.whl", hash = "sha256:51a1ac9e7dda81da444fed8be558a60ec88dfc73b2aa4b0efa310e87acb75838"},
    {file = "pycryptodomex-3.9.4-cp27-cp27m-win32.whl", hash = "sha256:e45b85c8521bca6bdfaf57e4987743ade53e9f03529dd3adbc9524094c6d55c4"},
    {file = "pycryptodomex-3.9.4-cp27-cp27m-win_amd64.whl", hash = "sha256:e87f17867b260f57c88487f943eb4d46c90532652bb37046e764842c3b66cbb1"},
    {file = "pycryptodomex-3.9.4-cp27-cp27mu-manylinux1_i686.whl", hash = "sha256:a9f7be3d19f79429c2118fd61bc2ec4fa095e93b56fb3a5f3009822402c4380f"},
    {file = "pycryptodomex-3.9.4-cp27-cp27mu-manylinux1_x86_64.whl", hash = "sha256:2a1793efcbae3a2264c5e0e492a2629eb10d895d6e5f17dbbd00eb8b489c6bda"},
    {file = "pycryptodomex-3.9.4-cp34-cp34m-manylinux1_i686.whl", hash = "sha256:e13cdeea23059f7577c230fd580d2c8178e67ebe10e360041abe86c33c316f1c"},
    {file = "pycryptodomex-3.9.4-cp34-cp34m-manylinux1_x86_64.whl", hash = "sha256:0f43f1608518347fdcb9c8f443fa5cabedd33f94188b13e4196a3a7ba90d169c"},
    {file = "pycryptodomex-3.9.4-cp34-cp34m-win32.whl", hash = "sha256:ef63ffde3b267043579af8830fc97fc3b9b8a526a24e3ba23af9989d4e9e689a"},
    {file = "pycryptodomex-3.9.4-cp34-cp34m-win_amd64.whl", hash = "sha256:32fbbaf964c5184d3f3e349085b0536dd28184b02e2b014fc900f58bbc126339"},
    {file = "pycryptodomex-3.9.4-cp35-cp35m-macosx_10_6_intel.whl", hash = "sha256:4717daec0035034b002d31c42e55431c970e3e38a78211f43990e1b7eaf19e28"},
    {file = "pycryptodomex-3.9.4-cp35-cp35m-manylinux1_i686.whl", hash = "sha256:8e8092651844a11ec7fa534395f3dfe99256ce4edca06f128efc9d770d6e1dc1"},
    {file = "pycryptodomex-3.9.4-cp35-cp35m-manylinux1_x86_64.whl", hash = "sha256:629a87b87c8203b8789ccefc7f2f2faecd2daaeb56bdd0b4e44cd89565f2db07"},
    {file = "pycryptodomex-3.9.4-cp35-cp35m-win32.whl", hash = "sha256:0a1dbb5c4d975a4ea568fb7686550aa225d94023191fb0cca8747dc5b5d77857"},
    {file = "pycryptodomex-3.9.4-cp35-cp35m-win_amd64.whl", hash = "sha256:6e56ec4c8938fb388b6f250ddd5e21c15e8f25a76e0ad0e2abae9afee09e67b4"},
    {file = "pycryptodomex-3.9.4-cp36-cp36m-macosx_10_6_intel.whl", hash = "sha256:8f5f260629876603e08f3ce95c8ccd9b6b83bf9a921c41409046796267f7adc5"},
    {file = "pycryptodomex-3.9.4-cp36-cp36m-manylinux1_i686.whl", hash = "sha256:45f4b4e5461a041518baabc52340c249b60833aa84cea6377dc8016a2b33c666"},
    {file = "pycryptodomex-3.9.4-cp36-cp36m-manylinux1_x86_64.whl", hash = "sha256:30a8a148a0fe482cec1aaf942bbd0ade56ec197c14fe058b2a94318c57e1f991"},
    {file = "pycryptodomex-3.9.4-cp36-cp36m-win32.whl", hash = "sha256:347d67faee36d449dc9632da411cc318df52959079062627f1243001b10dc227"},
    {file = "pycryptodomex-3.9.4-cp36-cp36m-win_amd64.whl", hash = "sha256:a77ca778a476829876a3a70ae880073379160e4a465d057e3c4e1c79acdf1b8a"},
    {file = "pycryptodomex-3.9.4-cp37-cp37m-macosx_10_6_intel.whl", hash = "sha256:5519a2ed776e193688b7ddb61ab709303f6eb7d1237081e298283c72acc44271"},
    {file = "pycryptodomex-3.9.4-cp37-cp37m-manylinux1_i686.whl", hash = "sha256:583450e8e80a0885c453211ed2bd69ceea634d8c904f23ff8687f677fe810e95"},
    {file = "pycryptodomex-3.9.4-cp37-cp37m-manylinux1_x86_64.whl", hash = "sha256:ee40a5b156f6c1192bc3082e9d73d0479904433cdda83110546cd67f5a15a5be"},
    {file = "pycryptodomex-3.9.4-cp37-cp37m-win32.whl", hash = "sha256:a5a13ebb52c4cd065fb673d8c94f39f30823428a4de19e1f3f828b63a8882d1e"},
    {file = "pycryptodomex-3.9.4-cp37-cp37m-win_amd64.whl", hash = "sha256:60f862bd2a07133585a4fc2ce2b1a8ec24746b07ac44307d22ef2b767cb03435"},
    {file = "pycryptodomex-3.9.4-cp38-cp38-macosx_10_9_x86_64.whl", hash = "sha256:53e9dcc8f14783f6300b70da325a50ac1b0a3dbaee323bd9dc3f71d409c197a1"},
    {file = "pycryptodomex-3.9.4-cp38-cp38-manylinux1_i686.whl", hash = "sha256:9a6b74f38613f54c56bd759b411a352258f47489bbefd1d57c930a291498b35b"},
    {file = "pycryptodomex-3.9.4-cp38-cp38-manylinux1_x86_64.whl", hash = "sha256:612091f1d3c84e723bec7cb855cf77576e646045744794c9a3f75ba80737762f"},
    {file = "pycryptodomex-3.9.4-cp38-cp38-win32.whl", hash = "sha256:0943b65fb41b7403a9def6214061fdd9ab9afd0bbc581e553c72eebe60bded36"},
    {file = "pycryptodomex-3.9.4-cp38-cp38-win_amd64.whl", hash = "sha256:11ce5fec5990e34e3981ed14897ba601c83957b577d77d395f1f8f878a179f98"},
    {file = "pycryptodomex-3.9.4.tar.gz", hash = "sha256:22d970cee5c096b9123415e183ae03702b2cd4d3ba3f0ced25c4e1aba3967167"},
]
